github.com/go-chi/chi/v5 v5.2.5 h1:Eg4myHZBjyvJmAFjFvWgrqDTXFyOzjj7YIm3L3mu6Ug=
github.com/go-chi/chi/v5 v5.2.5/go.mod h1:X7Gx4mteadT3eDOMTsXzmI4/rwUpOwBHLpAfupzFJP0=
github.com/petaki/inertia-go v1.15.0 h1:0SVg1DWeKBAFwDFHklkwkyMm887ryhURXtTnrYJZ9Sc=
github.com/petaki/inertia-go v1.15.0/go.mod h1:6GT2rzFfp54Z08aM24jjHLYwOCTyecjRp2BMW5LdU84=
